// !$*UTF8*$!
{
	archiveVersion = 1;
	classes = {
	};
	objectVersion = 50;
	objects = {

/* Begin PBXBuildFile section */
		AA76124374B77B337D254112 /* Pods_AppStoreLBTA.framework in Frameworks */ = {isa = PBXBuildFile; fileRef = 44546FB05481DE5B72017C9D /* Pods_AppStoreLBTA.framework */; };
		C40096FA223BA8E300BA9C61 /* TodayMultipleAppsController.swift in Sources */ = {isa = PBXBuildFile; fileRef = C40096F9223BA8E300BA9C61 /* TodayMultipleAppsController.swift */; };
		C40096FC223BA95400BA9C61 /* InsideMultipleAppsCell.swift in Sources */ = {isa = PBXBuildFile; fileRef = C40096FB223BA95400BA9C61 /* InsideMultipleAppsCell.swift */; };
		C422687A2228240E006DE961 /* AppDelegate.swift in Sources */ = {isa = PBXBuildFile; fileRef = C42268792228240E006DE961 /* AppDelegate.swift */; };
		C422687C2228240E006DE961 /* ViewController.swift in Sources */ = {isa = PBXBuildFile; fileRef = C422687B2228240E006DE961 /* ViewController.swift */; };
		C422687F2228240E006DE961 /* Main.storyboard in Resources */ = {isa = PBXBuildFile; fileRef = C422687D2228240E006DE961 /* Main.storyboard */; };
		C422688122282412006DE961 /* Assets.xcassets in Resources */ = {isa = PBXBuildFile; fileRef = C422688022282412006DE961 /* Assets.xcassets */; };
		C422688422282412006DE961 /* LaunchScreen.storyboard in Resources */ = {isa = PBXBuildFile; fileRef = C422688222282412006DE961 /* LaunchScreen.storyboard */; };
		C422688C222824B4006DE961 /* BaseTabBarController.swift in Sources */ = {isa = PBXBuildFile; fileRef = C422688B222824B4006DE961 /* BaseTabBarController.swift */; };
		C422688F222977C7006DE961 /* AppsSearchController.swift in Sources */ = {isa = PBXBuildFile; fileRef = C422688E222977C7006DE961 /* AppsSearchController.swift */; };
		C4226892222A8504006DE961 /* SearchResultsCell.swift in Sources */ = {isa = PBXBuildFile; fileRef = C4226891222A8504006DE961 /* SearchResultsCell.swift */; };
		C4226894222E8F44006DE961 /* UIView+Layout.swift in Sources */ = {isa = PBXBuildFile; fileRef = C4226893222E8F43006DE961 /* UIView+Layout.swift */; };
		C4226897222E9480006DE961 /* VerticalStackView.swift in Sources */ = {isa = PBXBuildFile; fileRef = C4226896222E9480006DE961 /* VerticalStackView.swift */; };
		C422689A222F0CA1006DE961 /* SearchResult.swift in Sources */ = {isa = PBXBuildFile; fileRef = C4226899222F0CA1006DE961 /* SearchResult.swift */; };
		C422689D222FDB30006DE961 /* Service.swift in Sources */ = {isa = PBXBuildFile; fileRef = C422689C222FDB30006DE961 /* Service.swift */; };
		C47A56AA223944E6002C92DC /* ReviewRowCell.swift in Sources */ = {isa = PBXBuildFile; fileRef = C47A56A9223944E6002C92DC /* ReviewRowCell.swift */; };
		C47A56AC22394651002C92DC /* ReviewsController.swift in Sources */ = {isa = PBXBuildFile; fileRef = C47A56AB22394651002C92DC /* ReviewsController.swift */; };
		C47A56AE2239476C002C92DC /* ReviewCell.swift in Sources */ = {isa = PBXBuildFile; fileRef = C47A56AD2239476C002C92DC /* ReviewCell.swift */; };
		C47A56B0223954E8002C92DC /* Reviews.swift in Sources */ = {isa = PBXBuildFile; fileRef = C47A56AF223954E8002C92DC /* Reviews.swift */; };
		C47A56B3223A6E45002C92DC /* TodayController.swift in Sources */ = {isa = PBXBuildFile; fileRef = C47A56B2223A6E45002C92DC /* TodayController.swift */; };
		C47A56B6223A6ECF002C92DC /* TodayCell.swift in Sources */ = {isa = PBXBuildFile; fileRef = C47A56B5223A6ECF002C92DC /* TodayCell.swift */; };
		C47A56B8223A7690002C92DC /* AppFullScreenController.swift in Sources */ = {isa = PBXBuildFile; fileRef = C47A56B7223A7690002C92DC /* AppFullScreenController.swift */; };
		C47A56BA223A78FC002C92DC /* AppFullScreenDescriptionCell.swift in Sources */ = {isa = PBXBuildFile; fileRef = C47A56B9223A78FC002C92DC /* AppFullScreenDescriptionCell.swift */; };
		C47A56BC223A8CA8002C92DC /* AppFullScreenHeaderCell.swift in Sources */ = {isa = PBXBuildFile; fileRef = C47A56BB223A8CA8002C92DC /* AppFullScreenHeaderCell.swift */; };
		C47A56BE223A92F2002C92DC /* TodayItem.swift in Sources */ = {isa = PBXBuildFile; fileRef = C47A56BD223A92F2002C92DC /* TodayItem.swift */; };
		C47A56C0223AB4F1002C92DC /* MultipleAppCell.swift in Sources */ = {isa = PBXBuildFile; fileRef = C47A56BF223AB4F1002C92DC /* MultipleAppCell.swift */; };
		C47A56C2223ABA48002C92DC /* BaseTodayCell.swift in Sources */ = {isa = PBXBuildFile; fileRef = C47A56C1223ABA48002C92DC /* BaseTodayCell.swift */; };
		C49E0E912231B6270035995C /* AppsPageController.swift in Sources */ = {isa = PBXBuildFile; fileRef = C49E0E902231B6270035995C /* AppsPageController.swift */; };
		C49E0E942231B6980035995C /* BaseListController.swift in Sources */ = {isa = PBXBuildFile; fileRef = C49E0E932231B6980035995C /* BaseListController.swift */; };
		C49E0E992231B7F30035995C /* AppsGroupCell.swift in Sources */ = {isa = PBXBuildFile; fileRef = C49E0E982231B7F30035995C /* AppsGroupCell.swift */; };
		C49E0E9B2231BAF00035995C /* AppsHorizontalController.swift in Sources */ = {isa = PBXBuildFile; fileRef = C49E0E9A2231BAF00035995C /* AppsHorizontalController.swift */; };
		C49E0E9D2232BDB40035995C /* AppRowCell.swift in Sources */ = {isa = PBXBuildFile; fileRef = C49E0E9C2232BDB40035995C /* AppRowCell.swift */; };
		C49E0E9F2232BE440035995C /* Extensions.swift in Sources */ = {isa = PBXBuildFile; fileRef = C49E0E9E2232BE440035995C /* Extensions.swift */; };
		C49E0EA1223300EF0035995C /* AppsPageHeader.swift in Sources */ = {isa = PBXBuildFile; fileRef = C49E0EA0223300EF0035995C /* AppsPageHeader.swift */; };
		C49E0EA3223302110035995C /* AppsHeaderHorizontalController.swift in Sources */ = {isa = PBXBuildFile; fileRef = C49E0EA2223302110035995C /* AppsHeaderHorizontalController.swift */; };
		C49E0EA52233038B0035995C /* AppsHeaderCell.swift in Sources */ = {isa = PBXBuildFile; fileRef = C49E0EA42233038B0035995C /* AppsHeaderCell.swift */; };
		C49E0EA72233CCEA0035995C /* AppGroup.swift in Sources */ = {isa = PBXBuildFile; fileRef = C49E0EA62233CCEA0035995C /* AppGroup.swift */; };
		C49E0EA922355C190035995C /* SocialApp.swift in Sources */ = {isa = PBXBuildFile; fileRef = C49E0EA822355C190035995C /* SocialApp.swift */; };
		C49E0EAB2236AD920035995C /* HorizontalSnappingController.swift in Sources */ = {isa = PBXBuildFile; fileRef = C49E0EAA2236AD920035995C /* HorizontalSnappingController.swift */; };
		C49E0EAD2236B12E0035995C /* BetterSnappingLayout.swift in Sources */ = {isa = PBXBuildFile; fileRef = C49E0EAC2236B12E0035995C /* BetterSnappingLayout.swift */; };
		C49E0EB02236D3990035995C /* AppDetailController.swift in Sources */ = {isa = PBXBuildFile; fileRef = C49E0EAF2236D3990035995C /* AppDetailController.swift */; };
		C49E0EB22236F32C0035995C /* AppDetailsCell.swift in Sources */ = {isa = PBXBuildFile; fileRef = C49E0EB12236F32C0035995C /* AppDetailsCell.swift */; };
		C49E0EB52237FFD50035995C /* PreviewCell.swift in Sources */ = {isa = PBXBuildFile; fileRef = C49E0EB42237FFD50035995C /* PreviewCell.swift */; };
		C49E0EB72238010D0035995C /* PreviewScreenshotsController.swift in Sources */ = {isa = PBXBuildFile; fileRef = C49E0EB62238010D0035995C /* PreviewScreenshotsController.swift */; };
		C49E0EB9223803090035995C /* ScreenshotCell.swift in Sources */ = {isa = PBXBuildFile; fileRef = C49E0EB8223803090035995C /* ScreenshotCell.swift */; };
/* End PBXBuildFile section */

/* Begin PBXFileReference section */
		44546FB05481DE5B72017C9D /* Pods_AppStoreLBTA.framework */ = {isa = PBXFileReference; explicitFileType = wrapper.framework; includeInIndex = 0; path = Pods_AppStoreLBTA.framework; sourceTree = BUILT_PRODUCTS_DIR; };
		6BCA59BEF4314DC936D2356F /* Pods-AppStoreLBTA.release.xcconfig */ = {isa = PBXFileReference; includeInIndex = 1; lastKnownFileType = text.xcconfig; name = "Pods-AppStoreLBTA.release.xcconfig"; path = "Pods/Target Support Files/Pods-AppStoreLBTA/Pods-AppStoreLBTA.release.xcconfig"; sourceTree = "<group>"; };
		C40096F9223BA8E300BA9C61 /* TodayMultipleAppsController.swift */ = {isa = PBXFileReference; lastKnownFileType = sourcecode.swift; path = TodayMultipleAppsController.swift; sourceTree = "<group>"; };
		C40096FB223BA95400BA9C61 /* InsideMultipleAppsCell.swift */ = {isa = PBXFileReference; lastKnownFileType = sourcecode.swift; path = InsideMultipleAppsCell.swift; sourceTree = "<group>"; };
		C42268762228240E006DE961 /* AppStoreLBTA.app */ = {isa = PBXFileReference; explicitFileType = wrapper.application; includeInIndex = 0; path = AppStoreLBTA.app; sourceTree = BUILT_PRODUCTS_DIR; };
		C42268792228240E006DE961 /* AppDelegate.swift */ = {isa = PBXFileReference; lastKnownFileType = sourcecode.swift; path = AppDelegate.swift; sourceTree = "<group>"; };
		C422687B2228240E006DE961 /* ViewController.swift */ = {isa = PBXFileReference; lastKnownFileType = sourcecode.swift; path = ViewController.swift; sourceTree = "<group>"; };
		C422687E2228240E006DE961 /* Base */ = {isa = PBXFileReference; lastKnownFileType = file.storyboard; name = Base; path = Base.lproj/Main.storyboard; sourceTree = "<group>"; };
		C422688022282412006DE961 /* Assets.xcassets */ = {isa = PBXFileReference; lastKnownFileType = folder.assetcatalog; path = Assets.xcassets; sourceTree = "<group>"; };
		C422688322282412006DE961 /* Base */ = {isa = PBXFileReference; lastKnownFileType = file.storyboard; name = Base; path = Base.lproj/LaunchScreen.storyboard; sourceTree = "<group>"; };
		C422688522282412006DE961 /* Info.plist */ = {isa = PBXFileReference; lastKnownFileType = text.plist.xml; path = Info.plist; sourceTree = "<group>"; };
		C422688B222824B4006DE961 /* BaseTabBarController.swift */ = {isa = PBXFileReference; lastKnownFileType = sourcecode.swift; path = BaseTabBarController.swift; sourceTree = "<group>"; };
		C422688E222977C7006DE961 /* AppsSearchController.swift */ = {isa = PBXFileReference; lastKnownFileType = sourcecode.swift; path = AppsSearchController.swift; sourceTree = "<group>"; };
		C4226891222A8504006DE961 /* SearchResultsCell.swift */ = {isa = PBXFileReference; lastKnownFileType = sourcecode.swift; path = SearchResultsCell.swift; sourceTree = "<group>"; };
		C4226893222E8F43006DE961 /* UIView+Layout.swift */ = {isa = PBXFileReference; fileEncoding = 4; lastKnownFileType = sourcecode.swift; path = "UIView+Layout.swift"; sourceTree = "<group>"; };
		C4226896222E9480006DE961 /* VerticalStackView.swift */ = {isa = PBXFileReference; lastKnownFileType = sourcecode.swift; path = VerticalStackView.swift; sourceTree = "<group>"; };
		C4226899222F0CA1006DE961 /* SearchResult.swift */ = {isa = PBXFileReference; lastKnownFileType = sourcecode.swift; path = SearchResult.swift; sourceTree = "<group>"; };
		C422689C222FDB30006DE961 /* Service.swift */ = {isa = PBXFileReference; lastKnownFileType = sourcecode.swift; path = Service.swift; sourceTree = "<group>"; };
		C47A56A9223944E6002C92DC /* ReviewRowCell.swift */ = {isa = PBXFileReference; lastKnownFileType = sourcecode.swift; path = ReviewRowCell.swift; sourceTree = "<group>"; };
		C47A56AB22394651002C92DC /* ReviewsController.swift */ = {isa = PBXFileReference; lastKnownFileType = sourcecode.swift; path = ReviewsController.swift; sourceTree = "<group>"; };
		C47A56AD2239476C002C92DC /* ReviewCell.swift */ = {isa = PBXFileReference; lastKnownFileType = sourcecode.swift; path = ReviewCell.swift; sourceTree = "<group>"; };
		C47A56AF223954E8002C92DC /* Reviews.swift */ = {isa = PBXFileReference; lastKnownFileType = sourcecode.swift; path = Reviews.swift; sourceTree = "<group>"; };
		C47A56B2223A6E45002C92DC /* TodayController.swift */ = {isa = PBXFileReference; lastKnownFileType = sourcecode.swift; path = TodayController.swift; sourceTree = "<group>"; };
		C47A56B5223A6ECF002C92DC /* TodayCell.swift */ = {isa = PBXFileReference; lastKnownFileType = sourcecode.swift; path = TodayCell.swift; sourceTree = "<group>"; };
		C47A56B7223A7690002C92DC /* AppFullScreenController.swift */ = {isa = PBXFileReference; lastKnownFileType = sourcecode.swift; path = AppFullScreenController.swift; sourceTree = "<group>"; };
		C47A56B9223A78FC002C92DC /* AppFullScreenDescriptionCell.swift */ = {isa = PBXFileReference; lastKnownFileType = sourcecode.swift; path = AppFullScreenDescriptionCell.swift; sourceTree = "<group>"; };
		C47A56BB223A8CA8002C92DC /* AppFullScreenHeaderCell.swift */ = {isa = PBXFileReference; lastKnownFileType = sourcecode.swift; path = AppFullScreenHeaderCell.swift; sourceTree = "<group>"; };
		C47A56BD223A92F2002C92DC /* TodayItem.swift */ = {isa = PBXFileReference; lastKnownFileType = sourcecode.swift; path = TodayItem.swift; sourceTree = "<group>"; };
		C47A56BF223AB4F1002C92DC /* MultipleAppCell.swift */ = {isa = PBXFileReference; lastKnownFileType = sourcecode.swift; path = MultipleAppCell.swift; sourceTree = "<group>"; };
		C47A56C1223ABA48002C92DC /* BaseTodayCell.swift */ = {isa = PBXFileReference; lastKnownFileType = sourcecode.swift; path = BaseTodayCell.swift; sourceTree = "<group>"; };
		C49E0E902231B6270035995C /* AppsPageController.swift */ = {isa = PBXFileReference; lastKnownFileType = sourcecode.swift; path = AppsPageController.swift; sourceTree = "<group>"; };
		C49E0E932231B6980035995C /* BaseListController.swift */ = {isa = PBXFileReference; lastKnownFileType = sourcecode.swift; path = BaseListController.swift; sourceTree = "<group>"; };
		C49E0E982231B7F30035995C /* AppsGroupCell.swift */ = {isa = PBXFileReference; lastKnownFileType = sourcecode.swift; path = AppsGroupCell.swift; sourceTree = "<group>"; };
		C49E0E9A2231BAF00035995C /* AppsHorizontalController.swift */ = {isa = PBXFileReference; lastKnownFileType = sourcecode.swift; path = AppsHorizontalController.swift; sourceTree = "<group>"; };
		C49E0E9C2232BDB40035995C /* AppRowCell.swift */ = {isa = PBXFileReference; lastKnownFileType = sourcecode.swift; path = AppRowCell.swift; sourceTree = "<group>"; };
		C49E0E9E2232BE440035995C /* Extensions.swift */ = {isa = PBXFileReference; lastKnownFileType = sourcecode.swift; path = Extensions.swift; sourceTree = "<group>"; };
		C49E0EA0223300EF0035995C /* AppsPageHeader.swift */ = {isa = PBXFileReference; lastKnownFileType = sourcecode.swift; path = AppsPageHeader.swift; sourceTree = "<group>"; };
		C49E0EA2223302110035995C /* AppsHeaderHorizontalController.swift */ = {isa = PBXFileReference; lastKnownFileType = sourcecode.swift; path = AppsHeaderHorizontalController.swift; sourceTree = "<group>"; };
		C49E0EA42233038B0035995C /* AppsHeaderCell.swift */ = {isa = PBXFileReference; lastKnownFileType = sourcecode.swift; path = AppsHeaderCell.swift; sourceTree = "<group>"; };
		C49E0EA62233CCEA0035995C /* AppGroup.swift */ = {isa = PBXFileReference; lastKnownFileType = sourcecode.swift; path = AppGroup.swift; sourceTree = "<group>"; };
		C49E0EA822355C190035995C /* SocialApp.swift */ = {isa = PBXFileReference; lastKnownFileType = sourcecode.swift; path = SocialApp.swift; sourceTree = "<group>"; };
		C49E0EAA2236AD920035995C /* HorizontalSnappingController.swift */ = {isa = PBXFileReference; lastKnownFileType = sourcecode.swift; path = HorizontalSnappingController.swift; sourceTree = "<group>"; };
		C49E0EAC2236B12E0035995C /* BetterSnappingLayout.swift */ = {isa = PBXFileReference; lastKnownFileType = sourcecode.swift; path = BetterSnappingLayout.swift; sourceTree = "<group>"; };
		C49E0EAF2236D3990035995C /* AppDetailController.swift */ = {isa = PBXFileReference; lastKnownFileType = sourcecode.swift; path = AppDetailController.swift; sourceTree = "<group>"; };
		C49E0EB12236F32C0035995C /* AppDetailsCell.swift */ = {isa = PBXFileReference; lastKnownFileType = sourcecode.swift; path = AppDetailsCell.swift; sourceTree = "<group>"; };
		C49E0EB42237FFD50035995C /* PreviewCell.swift */ = {isa = PBXFileReference; lastKnownFileType = sourcecode.swift; path = PreviewCell.swift; sourceTree = "<group>"; };
		C49E0EB62238010D0035995C /* PreviewScreenshotsController.swift */ = {isa = PBXFileReference; lastKnownFileType = sourcecode.swift; path = PreviewScreenshotsController.swift; sourceTree = "<group>"; };
		C49E0EB8223803090035995C /* ScreenshotCell.swift */ = {isa = PBXFileReference; lastKnownFileType = sourcecode.swift; path = ScreenshotCell.swift; sourceTree = "<group>"; };
		FC8614E3967F8A41BE60FCDC /* Pods-AppStoreLBTA.debug.xcconfig */ = {isa = PBXFileReference; includeInIndex = 1; lastKnownFileType = text.xcconfig; name = "Pods-AppStoreLBTA.debug.xcconfig"; path = "Pods/Target Support Files/Pods-AppStoreLBTA/Pods-AppStoreLBTA.debug.xcconfig"; sourceTree = "<group>"; };
/* End PBXFileReference section */

/* Begin PBXFrameworksBuildPhase section */
		C42268732228240E006DE961 /* Frameworks */ = {
			isa = PBXFrameworksBuildPhase;
			buildActionMask = 2147483647;
			files = (
				AA76124374B77B337D254112 /* Pods_AppStoreLBTA.framework in Frameworks */,
			);
			runOnlyForDeploymentPostprocessing = 0;
		};
/* End PBXFrameworksBuildPhase section */

/* Begin PBXGroup section */
		47FBB281F4438DA2181FC2C9 /* Pods */ = {
			isa = PBXGroup;
			children = (
				FC8614E3967F8A41BE60FCDC /* Pods-AppStoreLBTA.debug.xcconfig */,
				6BCA59BEF4314DC936D2356F /* Pods-AppStoreLBTA.release.xcconfig */,
			);
			name = Pods;
			sourceTree = "<group>";
		};
		94D9DED7CE877EC7CC73424B /* Frameworks */ = {
			isa = PBXGroup;
			children = (
				44546FB05481DE5B72017C9D /* Pods_AppStoreLBTA.framework */,
			);
			name = Frameworks;
			sourceTree = "<group>";
		};
		C422686D2228240E006DE961 = {
			isa = PBXGroup;
			children = (
				C42268782228240E006DE961 /* AppStoreLBTA */,
				C42268772228240E006DE961 /* Products */,
				47FBB281F4438DA2181FC2C9 /* Pods */,
				94D9DED7CE877EC7CC73424B /* Frameworks */,
			);
			sourceTree = "<group>";
		};
		C42268772228240E006DE961 /* Products */ = {
			isa = PBXGroup;
			children = (
				C42268762228240E006DE961 /* AppStoreLBTA.app */,
			);
			name = Products;
			sourceTree = "<group>";
		};
		C42268782228240E006DE961 /* AppStoreLBTA */ = {
			isa = PBXGroup;
			children = (
				C42268792228240E006DE961 /* AppDelegate.swift */,
				C422687B2228240E006DE961 /* ViewController.swift */,
				C422689B222FDB21006DE961 /* Service */,
				C4226898222F0C88006DE961 /* Model */,
				C4226895222E907F006DE961 /* Helpers */,
				C4226890222A84ED006DE961 /* Views */,
				C422688D2229779B006DE961 /* Controller */,
				C422687D2228240E006DE961 /* Main.storyboard */,
				C422688022282412006DE961 /* Assets.xcassets */,
				C422688222282412006DE961 /* LaunchScreen.storyboard */,
				C422688522282412006DE961 /* Info.plist */,
			);
			path = AppStoreLBTA;
			sourceTree = "<group>";
		};
		C422688D2229779B006DE961 /* Controller */ = {
			isa = PBXGroup;
			children = (
				C47A56B1223A6E32002C92DC /* Today */,
				C49E0E952231B7280035995C /* Search */,
				C49E0E922231B62B0035995C /* Apps */,
				C422688B222824B4006DE961 /* BaseTabBarController.swift */,
				C49E0E932231B6980035995C /* BaseListController.swift */,
				C49E0EAA2236AD920035995C /* HorizontalSnappingController.swift */,
			);
			path = Controller;
			sourceTree = "<group>";
		};
		C4226890222A84ED006DE961 /* Views */ = {
			isa = PBXGroup;
			children = (
				C47A56B4223A6EC6002C92DC /* Today */,
				C49E0E972231B7D80035995C /* Search */,
				C49E0E962231B7D10035995C /* Apps */,
			);
			path = Views;
			sourceTree = "<group>";
		};
		C4226895222E907F006DE961 /* Helpers */ = {
			isa = PBXGroup;
			children = (
				C4226893222E8F43006DE961 /* UIView+Layout.swift */,
				C4226896222E9480006DE961 /* VerticalStackView.swift */,
				C49E0E9E2232BE440035995C /* Extensions.swift */,
				C49E0EAC2236B12E0035995C /* BetterSnappingLayout.swift */,
			);
			path = Helpers;
			sourceTree = "<group>";
		};
		C4226898222F0C88006DE961 /* Model */ = {
			isa = PBXGroup;
			children = (
				C4226899222F0CA1006DE961 /* SearchResult.swift */,
				C49E0EA62233CCEA0035995C /* AppGroup.swift */,
				C49E0EA822355C190035995C /* SocialApp.swift */,
				C47A56AF223954E8002C92DC /* Reviews.swift */,
				C47A56BD223A92F2002C92DC /* TodayItem.swift */,
			);
			path = Model;
			sourceTree = "<group>";
		};
		C422689B222FDB21006DE961 /* Service */ = {
			isa = PBXGroup;
			children = (
				C422689C222FDB30006DE961 /* Service.swift */,
			);
			path = Service;
			sourceTree = "<group>";
		};
		C47A56B1223A6E32002C92DC /* Today */ = {
			isa = PBXGroup;
			children = (
				C47A56B2223A6E45002C92DC /* TodayController.swift */,
				C47A56B7223A7690002C92DC /* AppFullScreenController.swift */,
				C40096F9223BA8E300BA9C61 /* TodayMultipleAppsController.swift */,
			);
			path = Today;
			sourceTree = "<group>";
		};
		C47A56B4223A6EC6002C92DC /* Today */ = {
			isa = PBXGroup;
			children = (
				C47A56B5223A6ECF002C92DC /* TodayCell.swift */,
				C47A56B9223A78FC002C92DC /* AppFullScreenDescriptionCell.swift */,
				C47A56BB223A8CA8002C92DC /* AppFullScreenHeaderCell.swift */,
				C47A56BF223AB4F1002C92DC /* MultipleAppCell.swift */,
				C40096FB223BA95400BA9C61 /* InsideMultipleAppsCell.swift */,
				C47A56C1223ABA48002C92DC /* BaseTodayCell.swift */,
			);
			path = Today;
			sourceTree = "<group>";
		};
		C49E0E922231B62B0035995C /* Apps */ = {
			isa = PBXGroup;
			children = (
				C49E0EAE2236D38D0035995C /* Details */,
				C49E0E902231B6270035995C /* AppsPageController.swift */,
				C49E0E9A2231BAF00035995C /* AppsHorizontalController.swift */,
				C49E0EA2223302110035995C /* AppsHeaderHorizontalController.swift */,
			);
			path = Apps;
			sourceTree = "<group>";
		};
		C49E0E952231B7280035995C /* Search */ = {
			isa = PBXGroup;
			children = (
				C422688E222977C7006DE961 /* AppsSearchController.swift */,
			);
			path = Search;
			sourceTree = "<group>";
		};
		C49E0E962231B7D10035995C /* Apps */ = {
			isa = PBXGroup;
			children = (
				C49E0EB32236F3300035995C /* Details */,
				C49E0E982231B7F30035995C /* AppsGroupCell.swift */,
				C49E0E9C2232BDB40035995C /* AppRowCell.swift */,
				C49E0EA0223300EF0035995C /* AppsPageHeader.swift */,
				C49E0EA42233038B0035995C /* AppsHeaderCell.swift */,
			);
			path = Apps;
			sourceTree = "<group>";
		};
		C49E0E972231B7D80035995C /* Search */ = {
			isa = PBXGroup;
			children = (
				C4226891222A8504006DE961 /* SearchResultsCell.swift */,
			);
			path = Search;
			sourceTree = "<group>";
		};
		C49E0EAE2236D38D0035995C /* Details */ = {
			isa = PBXGroup;
			children = (
				C49E0EAF2236D3990035995C /* AppDetailController.swift */,
				C49E0EB62238010D0035995C /* PreviewScreenshotsController.swift */,
				C47A56AB22394651002C92DC /* ReviewsController.swift */,
			);
			path = Details;
			sourceTree = "<group>";
		};
		C49E0EB32236F3300035995C /* Details */ = {
			isa = PBXGroup;
			children = (
				C49E0EB12236F32C0035995C /* AppDetailsCell.swift */,
				C49E0EB42237FFD50035995C /* PreviewCell.swift */,
				C49E0EB8223803090035995C /* ScreenshotCell.swift */,
				C47A56A9223944E6002C92DC /* ReviewRowCell.swift */,
				C47A56AD2239476C002C92DC /* ReviewCell.swift */,
			);
			path = Details;
			sourceTree = "<group>";
		};
/* End PBXGroup section */

/* Begin PBXNativeTarget section */
		C42268752228240E006DE961 /* AppStoreLBTA */ = {
			isa = PBXNativeTarget;
			buildConfigurationList = C422688822282412006DE961 /* Build configuration list for PBXNativeTarget "AppStoreLBTA" */;
			buildPhases = (
				FC1CFD55C31F46A0E9AA3B98 /* [CP] Check Pods Manifest.lock */,
				C42268722228240E006DE961 /* Sources */,
				C42268732228240E006DE961 /* Frameworks */,
				C42268742228240E006DE961 /* Resources */,
				A8AA53FB5AAB53CDCB07A4F3 /* [CP] Embed Pods Frameworks */,
			);
			buildRules = (
			);
			dependencies = (
			);
			name = AppStoreLBTA;
			productName = AppStoreLBTA;
			productReference = C42268762228240E006DE961 /* AppStoreLBTA.app */;
			productType = "com.apple.product-type.application";
		};
/* End PBXNativeTarget section */

/* Begin PBXProject section */
		C422686E2228240E006DE961 /* Project object */ = {
			isa = PBXProject;
			attributes = {
				LastSwiftUpdateCheck = 1010;
				LastUpgradeCheck = 1010;
				ORGANIZATIONNAME = "Lasse Silkoset";
				TargetAttributes = {
					C42268752228240E006DE961 = {
						CreatedOnToolsVersion = 10.1;
					};
				};
			};
			buildConfigurationList = C42268712228240E006DE961 /* Build configuration list for PBXProject "AppStoreLBTA" */;
			compatibilityVersion = "Xcode 9.3";
			developmentRegion = en;
			hasScannedForEncodings = 0;
			knownRegions = (
				en,
				Base,
			);
			mainGroup = C422686D2228240E006DE961;
			productRefGroup = C42268772228240E006DE961 /* Products */;
			projectDirPath = "";
			projectRoot = "";
			targets = (
				C42268752228240E006DE961 /* AppStoreLBTA */,
			);
		};
/* End PBXProject section */

/* Begin PBXResourcesBuildPhase section */
		C42268742228240E006DE961 /* Resources */ = {
			isa = PBXResourcesBuildPhase;
			buildActionMask = 2147483647;
			files = (
				C422688422282412006DE961 /* LaunchScreen.storyboard in Resources */,
				C422688122282412006DE961 /* Assets.xcassets in Resources */,
				C422687F2228240E006DE961 /* Main.storyboard in Resources */,
			);
			runOnlyForDeploymentPostprocessing = 0;
		};
/* End PBXResourcesBuildPhase section */

/* Begin PBXShellScriptBuildPhase section */
		A8AA53FB5AAB53CDCB07A4F3 /* [CP] Embed Pods Frameworks */ = {
			isa = PBXShellScriptBuildPhase;
			buildActionMask = 2147483647;
			files = (
			);
			inputFileListPaths = (
			);
			inputPaths = (
				"${SRCROOT}/Pods/Target Support Files/Pods-AppStoreLBTA/Pods-AppStoreLBTA-frameworks.sh",
				"${BUILT_PRODUCTS_DIR}/SDWebImage/SDWebImage.framework",
			);
			name = "[CP] Embed Pods Frameworks";
			outputFileListPaths = (
			);
			outputPaths = (
				"${TARGET_BUILD_DIR}/${FRAMEWORKS_FOLDER_PATH}/SDWebImage.framework",
			);
			runOnlyForDeploymentPostprocessing = 0;
			shellPath = /bin/sh;
			shellScript = "\"${SRCROOT}/Pods/Target Support Files/Pods-AppStoreLBTA/Pods-AppStoreLBTA-frameworks.sh\"\n";
			showEnvVarsInLog = 0;
		};
		FC1CFD55C31F46A0E9AA3B98 /* [CP] Check Pods Manifest.lock */ = {
			isa = PBXShellScriptBuildPhase;
			buildActionMask = 2147483647;
			files = (
			);
			inputFileListPaths = (
			);
			inputPaths = (
				"${PODS_PODFILE_DIR_PATH}/Podfile.lock",
				"${PODS_ROOT}/Manifest.lock",
			);
			name = "[CP] Check Pods Manifest.lock";
			outputFileListPaths = (
			);
			outputPaths = (
				"$(DERIVED_FILE_DIR)/Pods-AppStoreLBTA-checkManifestLockResult.txt",
			);
			runOnlyForDeploymentPostprocessing = 0;
			shellPath = /bin/sh;
			shellScript = "diff \"${PODS_PODFILE_DIR_PATH}/Podfile.lock\" \"${PODS_ROOT}/Manifest.lock\" > /dev/null\nif [ $? != 0 ] ; then\n    # print error to STDERR\n    echo \"error: The sandbox is not in sync with the Podfile.lock. Run 'pod install' or update your CocoaPods installation.\" >&2\n    exit 1\nfi\n# This output is used by Xcode 'outputs' to avoid re-running this script phase.\necho \"SUCCESS\" > \"${SCRIPT_OUTPUT_FILE_0}\"\n";
			showEnvVarsInLog = 0;
		};
/* End PBXShellScriptBuildPhase section */

/* Begin PBXSourcesBuildPhase section */
		C42268722228240E006DE961 /* Sources */ = {
			isa = PBXSourcesBuildPhase;
			buildActionMask = 2147483647;
			files = (
				C422687C2228240E006DE961 /* ViewController.swift in Sources */,
				C47A56BC223A8CA8002C92DC /* AppFullScreenHeaderCell.swift in Sources */,
				C47A56AE2239476C002C92DC /* ReviewCell.swift in Sources */,
				C49E0EAD2236B12E0035995C /* BetterSnappingLayout.swift in Sources */,
				C4226892222A8504006DE961 /* SearchResultsCell.swift in Sources */,
				C49E0EA922355C190035995C /* SocialApp.swift in Sources */,
				C47A56C2223ABA48002C92DC /* BaseTodayCell.swift in Sources */,
				C422689A222F0CA1006DE961 /* SearchResult.swift in Sources */,
				C49E0EA72233CCEA0035995C /* AppGroup.swift in Sources */,
				C49E0E912231B6270035995C /* AppsPageController.swift in Sources */,
				C47A56B8223A7690002C92DC /* AppFullScreenController.swift in Sources */,
				C47A56B6223A6ECF002C92DC /* TodayCell.swift in Sources */,
				C40096FC223BA95400BA9C61 /* InsideMultipleAppsCell.swift in Sources */,
				C49E0EA52233038B0035995C /* AppsHeaderCell.swift in Sources */,
				C4226894222E8F44006DE961 /* UIView+Layout.swift in Sources */,
				C47A56BE223A92F2002C92DC /* TodayItem.swift in Sources */,
				C49E0E942231B6980035995C /* BaseListController.swift in Sources */,
				C49E0E9D2232BDB40035995C /* AppRowCell.swift in Sources */,
				C422687A2228240E006DE961 /* AppDelegate.swift in Sources */,
				C49E0EB72238010D0035995C /* PreviewScreenshotsController.swift in Sources */,
				C40096FA223BA8E300BA9C61 /* TodayMultipleAppsController.swift in Sources */,
				C49E0E992231B7F30035995C /* AppsGroupCell.swift in Sources */,
				C49E0EA1223300EF0035995C /* AppsPageHeader.swift in Sources */,
				C422689D222FDB30006DE961 /* Service.swift in Sources */,
				C49E0E9F2232BE440035995C /* Extensions.swift in Sources */,
				C49E0EB52237FFD50035995C /* PreviewCell.swift in Sources */,
				C47A56AC22394651002C92DC /* ReviewsController.swift in Sources */,
				C422688C222824B4006DE961 /* BaseTabBarController.swift in Sources */,
				C47A56B3223A6E45002C92DC /* TodayController.swift in Sources */,
				C422688F222977C7006DE961 /* AppsSearchController.swift in Sources */,
				C47A56BA223A78FC002C92DC /* AppFullScreenDescriptionCell.swift in Sources */,
				C49E0EB9223803090035995C /* ScreenshotCell.swift in Sources */,
				C47A56B0223954E8002C92DC /* Reviews.swift in Sources */,
				C49E0EB02236D3990035995C /* AppDetailController.swift in Sources */,
				C49E0EAB2236AD920035995C /* HorizontalSnappingController.swift in Sources */,
				C49E0E9B2231BAF00035995C /* AppsHorizontalController.swift in Sources */,
				C47A56AA223944E6002C92DC /* ReviewRowCell.swift in Sources */,
				C4226897222E9480006DE961 /* VerticalStackView.swift in Sources */,
				C49E0EB22236F32C0035995C /* AppDetailsCell.swift in Sources */,
				C49E0EA3223302110035995C /* AppsHeaderHorizontalController.swift in Sources */,
				C47A56C0223AB4F1002C92DC /* MultipleAppCell.swift in Sources */,
			);
			runOnlyForDeploymentPostprocessing = 0;
		};
/* End PBXSourcesBuildPhase section */

/* Begin PBXVariantGroup section */
		C422687D2228240E006DE961 /* Main.storyboard */ = {
			isa = PBXVariantGroup;
			children = (
				C422687E2228240E006DE961 /* Base */,
			);
			name = Main.storyboard;
			sourceTree = "<group>";
		};
		C422688222282412006DE961 /* LaunchScreen.storyboard */ = {
			isa = PBXVariantGroup;
			children = (
				C422688322282412006DE961 /* Base */,
			);
			name = LaunchScreen.storyboard;
			sourceTree = "<group>";
		};
/* End PBXVariantGroup section */

/* Begin XCBuildConfiguration section */
		C422688622282412006DE961 /* Debug */ = {
			isa = XCBuildConfiguration;
			buildSettings = {
				ALWAYS_SEARCH_USER_PATHS = NO;
				CLANG_ANALYZER_NONNULL = YES;
				CLANG_ANALYZER_NUMBER_OBJECT_CONVERSION = YES_AGGRESSIVE;
				CLANG_CXX_LANGUAGE_STANDARD = "gnu++14";
				CLANG_CXX_LIBRARY = "libc++";
				CLANG_ENABLE_MODULES = YES;
				CLANG_ENABLE_OBJC_ARC = YES;
				CLANG_ENABLE_OBJC_WEAK = YES;
				CLANG_WARN_BLOCK_CAPTURE_AUTORELEASING = YES;
				CLANG_WARN_BOOL_CONVERSION = YES;
				CLANG_WARN_COMMA = YES;
				CLANG_WARN_CONSTANT_CONVERSION = YES;
				CLANG_WARN_DEPRECATED_OBJC_IMPLEMENTATIONS = YES;
				CLANG_WARN_DIRECT_OBJC_ISA_USAGE = YES_ERROR;
				CLANG_WARN_DOCUMENTATION_COMMENTS = YES;
				CLANG_WARN_EMPTY_BODY = YES;
				CLANG_WARN_ENUM_CONVERSION = YES;
				CLANG_WARN_INFINITE_RECURSION = YES;
				CLANG_WARN_INT_CONVERSION = YES;
				CLANG_WARN_NON_LITERAL_NULL_CONVERSION = YES;
				CLANG_WARN_OBJC_IMPLICIT_RETAIN_SELF = YES;
				CLANG_WARN_OBJC_LITERAL_CONVERSION = YES;
				CLANG_WARN_OBJC_ROOT_CLASS = YES_ERROR;
				CLANG_WARN_RANGE_LOOP_ANALYSIS = YES;
				CLANG_WARN_STRICT_PROTOTYPES = YES;
				CLANG_WARN_SUSPICIOUS_MOVE = YES;
				CLANG_WARN_UNGUARDED_AVAILABILITY = YES_AGGRESSIVE;
				CLANG_WARN_UNREACHABLE_CODE = YES;
				CLANG_WARN__DUPLICATE_METHOD_MATCH = YES;
				CODE_SIGN_IDENTITY = "iPhone Developer";
				COPY_PHASE_STRIP = NO;
				DEBUG_INFORMATION_FORMAT = dwarf;
				ENABLE_STRICT_OBJC_MSGSEND = YES;
				ENABLE_TESTABILITY = YES;
				GCC_C_LANGUAGE_STANDARD = gnu11;
				GCC_DYNAMIC_NO_PIC = NO;
				GCC_NO_COMMON_BLOCKS = YES;
				GCC_OPTIMIZATION_LEVEL = 0;
				GCC_PREPROCESSOR_DEFINITIONS = (
					"DEBUG=1",
					"$(inherited)",
				);
				GCC_WARN_64_TO_32_BIT_CONVERSION = YES;
				GCC_WARN_ABOUT_RETURN_TYPE = YES_ERROR;
				GCC_WARN_UNDECLARED_SELECTOR = YES;
				GCC_WARN_UNINITIALIZED_AUTOS = YES_AGGRESSIVE;
				GCC_WARN_UNUSED_FUNCTION = YES;
				GCC_WARN_UNUSED_VARIABLE = YES;
				IPHONEOS_DEPLOYMENT_TARGET = 12.1;
				MTL_ENABLE_DEBUG_INFO = INCLUDE_SOURCE;
				MTL_FAST_MATH = YES;
				ONLY_ACTIVE_ARCH = YES;
				SDKROOT = iphoneos;
				SWIFT_ACTIVE_COMPILATION_CONDITIONS = DEBUG;
				SWIFT_OPTIMIZATION_LEVEL = "-Onone";
			};
			name = Debug;
		};
		C422688722282412006DE961 /* Release */ = {
			isa = XCBuildConfiguration;
			buildSettings = {
				ALWAYS_SEARCH_USER_PATHS = NO;
				CLANG_ANALYZER_NONNULL = YES;
				CLANG_ANALYZER_NUMBER_OBJECT_CONVERSION = YES_AGGRESSIVE;
				CLANG_CXX_LANGUAGE_STANDARD = "gnu++14";
				CLANG_CXX_LIBRARY = "libc++";
				CLANG_ENABLE_MODULES = YES;
				CLANG_ENABLE_OBJC_ARC = YES;
				CLANG_ENABLE_OBJC_WEAK = YES;
				CLANG_WARN_BLOCK_CAPTURE_AUTORELEASING = YES;
				CLANG_WARN_BOOL_CONVERSION = YES;
				CLANG_WARN_COMMA = YES;
				CLANG_WARN_CONSTANT_CONVERSION = YES;
				CLANG_WARN_DEPRECATED_OBJC_IMPLEMENTATIONS = YES;
				CLANG_WARN_DIRECT_OBJC_ISA_USAGE = YES_ERROR;
				CLANG_WARN_DOCUMENTATION_COMMENTS = YES;
				CLANG_WARN_EMPTY_BODY = YES;
				CLANG_WARN_ENUM_CONVERSION = YES;
				CLANG_WARN_INFINITE_RECURSION = YES;
				CLANG_WARN_INT_CONVERSION = YES;
				CLANG_WARN_NON_LITERAL_NULL_CONVERSION = YES;
				CLANG_WARN_OBJC_IMPLICIT_RETAIN_SELF = YES;
				CLANG_WARN_OBJC_LITERAL_CONVERSION = YES;
				CLANG_WARN_OBJC_ROOT_CLASS = YES_ERROR;
				CLANG_WARN_RANGE_LOOP_ANALYSIS = YES;
				CLANG_WARN_STRICT_PROTOTYPES = YES;
				CLANG_WARN_SUSPICIOUS_MOVE = YES;
				CLANG_WARN_UNGUARDED_AVAILABILITY = YES_AGGRESSIVE;
				CLANG_WARN_UNREACHABLE_CODE = YES;
				CLANG_WARN__DUPLICATE_METHOD_MATCH = YES;
				CODE_SIGN_IDENTITY = "iPhone Developer";
				COPY_PHASE_STRIP = NO;
				DEBUG_INFORMATION_FORMAT = "dwarf-with-dsym";
				ENABLE_NS_ASSERTIONS = NO;
				ENABLE_STRICT_OBJC_MSGSEND = YES;
				GCC_C_LANGUAGE_STANDARD = gnu11;
				GCC_NO_COMMON_BLOCKS = YES;
				GCC_WARN_64_TO_32_BIT_CONVERSION = YES;
				GCC_WARN_ABOUT_RETURN_TYPE = YES_ERROR;
				GCC_WARN_UNDECLARED_SELECTOR = YES;
				GCC_WARN_UNINITIALIZED_AUTOS = YES_AGGRESSIVE;
				GCC_WARN_UNUSED_FUNCTION = YES;
				GCC_WARN_UNUSED_VARIABLE = YES;
				IPHONEOS_DEPLOYMENT_TARGET = 12.1;
				MTL_ENABLE_DEBUG_INFO = NO;
				MTL_FAST_MATH = YES;
				SDKROOT = iphoneos;
				SWIFT_COMPILATION_MODE = wholemodule;
				SWIFT_OPTIMIZATION_LEVEL = "-O";
				VALIDATE_PRODUCT = YES;
			};
			name = Release;
		};
		C422688922282412006DE961 /* Debug */ = {
			isa = XCBuildConfiguration;
			baseConfigurationReference = FC8614E3967F8A41BE60FCDC /* Pods-AppStoreLBTA.debug.xcconfig */;
			buildSettings = {
				ASSETCATALOG_COMPILER_APPICON_NAME = AppIcon;
				CODE_SIGN_STYLE = Automatic;
				DEVELOPMENT_TEAM = 6PPL8837AU;
				INFOPLIST_FILE = AppStoreLBTA/Info.plist;
				LD_RUNPATH_SEARCH_PATHS = (
					"$(inherited)",
					"@executable_path/Frameworks",
				);
				PRODUCT_BUNDLE_IDENTIFIER = com.lassesilkoset.AppStoreLBTA;
				PRODUCT_NAME = "$(TARGET_NAME)";
				SWIFT_VERSION = 4.2;
				TARGETED_DEVICE_FAMILY = "1,2";
			};
			name = Debug;
		};
		C422688A22282412006DE961 /* Release */ = {
			isa = XCBuildConfiguration;
			baseConfigurationReference = 6BCA59BEF4314DC936D2356F /* Pods-AppStoreLBTA.release.xcconfig */;
			buildSettings = {
				ASSETCATALOG_COMPILER_APPICON_NAME = AppIcon;
				CODE_SIGN_STYLE = Automatic;
				DEVELOPMENT_TEAM = 6PPL8837AU;
				INFOPLIST_FILE = AppStoreLBTA/Info.plist;
				LD_RUNPATH_SEARCH_PATHS = (
					"$(inherited)",
					"@executable_path/Frameworks",
				);
				PRODUCT_BUNDLE_IDENTIFIER = com.lassesilkoset.AppStoreLBTA;
				PRODUCT_NAME = "$(TARGET_NAME)";
				SWIFT_VERSION = 4.2;
				TARGETED_DEVICE_FAMILY = "1,2";
			};
			name = Release;
		};
/* End XCBuildConfiguration section */

/* Begin XCConfigurationList section */
		C42268712228240E006DE961 /* Build configuration list for PBXProject "AppStoreLBTA" */ = {
			isa = XCConfigurationList;
			buildConfigurations = (
				C422688622282412006DE961 /* Debug */,
				C422688722282412006DE961 /* Release */,
			);
			defaultConfigurationIsVisible = 0;
			defaultConfigurationName = Release;
		};
		C422688822282412006DE961 /* Build configuration list for PBXNativeTarget "AppStoreLBTA" */ = {
			isa = XCConfigurationList;
			buildConfigurations = (
				C422688922282412006DE961 /* Debug */,
				C422688A22282412006DE961 /* Release */,
			);
			defaultConfigurationIsVisible = 0;
			defaultConfigurationName = Release;
		};
/* End XCConfigurationList section */
	};
	rootObject = C422686E2228240E006DE961 /* Project object */;
}
